{
  "name": "lerna-v2",
  "version": "2.0.8",
  "lockfileVersion": 3,
  "requires": true,
  "packages": {
    "": {
      "name": "lerna-v2",
      "version": "2.0.8",
      "license": "ISC",
      "workspaces": [
        "packages/*"
      ],
      "dependencies": {
        "@zidabah/date-logic": "1.11.16",
        "@zidabah/date-renderer": "0.9.16"
      }
    },
    "node_modules/@zidabah/date-logic": {
      "resolved": "packages/date-logic",
      "link": true
    },
    "node_modules/@zidabah/date-renderer": {
      "resolved": "packages/date-renderer",
      "link": true
    },
    "packages/date-logic": {
      "name": "@zidabah/date-logic",
      "version": "1.11.16"
    },
    "packages/date-renderer": {
      "name": "@zidabah/date-renderer",
      "version": "0.9.16",
      "license": "ISC",
      "dependencies": {
        "@zidabah/date-logic": "1.11.16"
      }
    }
  }
}
