{
  "name": "@zidabah/date-renderer",
  "version": "0.0.6-beta.0",
  "lockfileVersion": 3,
  "requires": true,
  "packages": {
    "": {
      "name": "@zidabah/date-renderer",
      "version": "0.0.6-beta.0",
      "license": "ISC",
      "dependencies": {
        "@zidabah/date-logic": "0.0.1"
      }
    },
    "node_modules/@zidabah/date-logic": {
      "version": "0.0.1",
      "resolved": "https://npm.pkg.github.com/download/@zidabah/date-logic/0.0.1/dce123736a145d49d284664dad3fb7217b8322ee",
      "integrity": "sha512-zE0KZfM5Oz8kcBSvnkxMD20sa326jHaetMfXdUAVSBPl3G2CdhLkUCDHxPbNN5oZTTIEINot86AHTB8ceNcqmg=="
    }
  }
}
